
Microsoft Visual Studio Solution File, Format Version 12.00
# Visual Studio Version 16
VisualStudioVersion = 16.0.32228.343
MinimumVisualStudioVersion = 10.0.40219.1
Project("{FAE04EC0-301F-11D3-BF4B-00C04F79EFBC}") = "CasBox", "CasBox\CasBox.csproj", "{B3A51E9D-A39A-45A6-BBFF-F7CDE8634914}"
EndProject
Project("{FAE04EC0-301F-11D3-BF4B-00C04F79EFBC}") = "ClassLibrary", "ClassLibrary\ClassLibrary.csproj", "{11264BE3-3BF4-45D0-AECB-9709BA58F5FB}"
EndProject
Global
	GlobalSection(SolutionConfigurationPlatforms) = preSolution
		Debug|Any CPU = Debug|Any CPU
		Release|Any CPU = Release|Any CPU
	EndGlobalSection
	GlobalSection(ProjectConfigurationPlatforms) = postSolution
		{B3A51E9D-A39A-45A6-BBFF-F7CDE8634914}.Debug|Any CPU.ActiveCfg = Debug|Any CPU
		{B3A51E9D-A39A-45A6-BBFF-F7CDE8634914}.Debug|Any CPU.Build.0 = Debug|Any CPU
		{B3A51E9D-A39A-45A6-BBFF-F7CDE8634914}.Release|Any CPU.ActiveCfg = Release|Any CPU
		{B3A51E9D-A39A-45A6-BBFF-F7CDE8634914}.Release|Any CPU.Build.0 = Release|Any CPU
		{11264BE3-3BF4-45D0-AECB-9709BA58F5FB}.Debug|Any CPU.ActiveCfg = Debug|Any CPU
		{11264BE3-3BF4-45D0-AECB-9709BA58F5FB}.Debug|Any CPU.Build.0 = Debug|Any CPU
		{11264BE3-3BF4-45D0-AECB-9709BA58F5FB}.Release|Any CPU.ActiveCfg = Release|Any CPU
		{11264BE3-3BF4-45D0-AECB-9709BA58F5FB}.Release|Any CPU.Build.0 = Release|Any CPU
	EndGlobalSection
	GlobalSection(SolutionProperties) = preSolution
		HideSolutionNode = FALSE
	EndGlobalSection
	GlobalSection(ExtensibilityGlobals) = postSolution
		SolutionGuid = {72C5B72F-3878-43F9-ADE4-D64F59B42D1A}
	EndGlobalSection
EndGlobal
